
Microsoft Visual Studio Solution File, Format Version 12.00
# Visual Studio Version 16
VisualStudioVersion = 16.0.31515.178
MinimumVisualStudioVersion = 10.0.40219.1
Project("{8BC9CEB8-8B4A-11D0-8D11-00A0C91BC942}") = "screenCaptureUsingFFMPEG_API", "screenCaptureUsingFFMPEG_API\screenCaptureUsingFFMPEG_API.vcxproj", "{A77DB541-2B56-4134-8E4F-DB64A8641DFF}"
EndProject
Global
	GlobalSection(SolutionConfigurationPlatforms) = preSolution
		Debug|x64 = Debug|x64
		Debug|x86 = Debug|x86
		Release|x64 = Release|x64
		Release|x86 = Release|x86
	EndGlobalSection
	GlobalSection(ProjectConfigurationPlatforms) = postSolution
		{A77DB541-2B56-4134-8E4F-DB64A8641DFF}.Debug|x64.ActiveCfg = Debug|x64
		{A77DB541-2B56-4134-8E4F-DB64A8641DFF}.Debug|x64.Build.0 = Debug|x64
		{A77DB541-2B56-4134-8E4F-DB64A8641DFF}.Debug|x86.ActiveCfg = Debug|Win32
		{A77DB541-2B56-4134-8E4F-DB64A8641DFF}.Debug|x86.Build.0 = Debug|Win32
		{A77DB541-2B56-4134-8E4F-DB64A8641DFF}.Release|x64.ActiveCfg = Release|x64
		{A77DB541-2B56-4134-8E4F-DB64A8641DFF}.Release|x64.Build.0 = Release|x64
		{A77DB541-2B56-4134-8E4F-DB64A8641DFF}.Release|x86.ActiveCfg = Release|Win32
		{A77DB541-2B56-4134-8E4F-DB64A8641DFF}.Release|x86.Build.0 = Release|Win32
	EndGlobalSection
	GlobalSection(SolutionProperties) = preSolution
		HideSolutionNode = FALSE
	EndGlobalSection
	GlobalSection(ExtensibilityGlobals) = postSolution
		SolutionGuid = {81BE6CFC-2CD7-4045-885F-94048CEAEF1D}
	EndGlobalSection
EndGlobal
